// !$*UTF8*$!
{
	archiveVersion = 1;
	classes = {
	};
	objectVersion = 56;
	objects = {

/* Begin PBXBuildFile section */
		5F3FCBE3296C192C00AA2E56 /* AApp.swift in Sources */ = {isa = PBXBuildFile; fileRef = 5F3FCBE2296C192C00AA2E56 /* AApp.swift */; };
		5F3FCBE5296C192C00AA2E56 /* Badge.swift in Sources */ = {isa = PBXBuildFile; fileRef = 5F3FCBE4296C192C00AA2E56 /* Badge.swift */; };
		5F3FCBE7296C193800AA2E56 /* Assets.xcassets in Resources */ = {isa = PBXBuildFile; fileRef = 5F3FCBE6296C193800AA2E56 /* Assets.xcassets */; };
		5F3FCBEA296C193800AA2E56 /* Preview Assets.xcassets in Resources */ = {isa = PBXBuildFile; fileRef = 5F3FCBE9296C193800AA2E56 /* Preview Assets.xcassets */; };
		5F3FCBF4296C193900AA2E56 /* ATests.swift in Sources */ = {isa = PBXBuildFile; fileRef = 5F3FCBF3296C193900AA2E56 /* ATests.swift */; };
		5F3FCBFE296C193900AA2E56 /* AUITests.swift in Sources */ = {isa = PBXBuildFile; fileRef = 5F3FCBFD296C193900AA2E56 /* AUITests.swift */; };
		5F3FCC00296C193900AA2E56 /* AUITestsLaunchTests.swift in Sources */ = {isa = PBXBuildFile; fileRef = 5F3FCBFF296C193900AA2E56 /* AUITestsLaunchTests.swift */; };
		5F57DFA6296D4CAD00AE6228 /* SignalStrength.swift in Sources */ = {isa = PBXBuildFile; fileRef = 5F57DFA5296D4CAD00AE6228 /* SignalStrength.swift */; };
		5F57DFA8296D59E200AE6228 /* TabBarView.swift in Sources */ = {isa = PBXBuildFile; fileRef = 5F57DFA7296D59E200AE6228 /* TabBarView.swift */; };
		5F57DFAA296D76A200AE6228 /* AligningTwoColumns.swift in Sources */ = {isa = PBXBuildFile; fileRef = 5F57DFA9296D76A200AE6228 /* AligningTwoColumns.swift */; };
/* End PBXBuildFile section */

/* Begin PBXContainerItemProxy section */
		5F3FCBF0296C193900AA2E56 /* PBXContainerItemProxy */ = {
			isa = PBXContainerItemProxy;
			containerPortal = 5F3FCBD7296C192C00AA2E56 /* Project object */;
			proxyType = 1;
			remoteGlobalIDString = 5F3FCBDE296C192C00AA2E56;
			remoteInfo = A;
		};
		5F3FCBFA296C193900AA2E56 /* PBXContainerItemProxy */ = {
			isa = PBXContainerItemProxy;
			containerPortal = 5F3FCBD7296C192C00AA2E56 /* Project object */;
			proxyType = 1;
			remoteGlobalIDString = 5F3FCBDE296C192C00AA2E56;
			remoteInfo = A;
		};
/* End PBXContainerItemProxy section */

/* Begin PBXFileReference section */
		5F3FCBDF296C192C00AA2E56 /* A.app */ = {isa = PBXFileReference; explicitFileType = wrapper.application; includeInIndex = 0; path = A.app; sourceTree = BUILT_PRODUCTS_DIR; };
		5F3FCBE2296C192C00AA2E56 /* AApp.swift */ = {isa = PBXFileReference; lastKnownFileType = sourcecode.swift; path = AApp.swift; sourceTree = "<group>"; };
		5F3FCBE4296C192C00AA2E56 /* Badge.swift */ = {isa = PBXFileReference; lastKnownFileType = sourcecode.swift; path = Badge.swift; sourceTree = "<group>"; };
		5F3FCBE6296C193800AA2E56 /* Assets.xcassets */ = {isa = PBXFileReference; lastKnownFileType = folder.assetcatalog; path = Assets.xcassets; sourceTree = "<group>"; };
		5F3FCBE9296C193800AA2E56 /* Preview Assets.xcassets */ = {isa = PBXFileReference; lastKnownFileType = folder.assetcatalog; path = "Preview Assets.xcassets"; sourceTree = "<group>"; };
		5F3FCBEF296C193900AA2E56 /* ATests.xctest */ = {isa = PBXFileReference; explicitFileType = wrapper.cfbundle; includeInIndex = 0; path = ATests.xctest; sourceTree = BUILT_PRODUCTS_DIR; };
		5F3FCBF3296C193900AA2E56 /* ATests.swift */ = {isa = PBXFileReference; lastKnownFileType = sourcecode.swift; path = ATests.swift; sourceTree = "<group>"; };
		5F3FCBF9296C193900AA2E56 /* AUITests.xctest */ = {isa = PBXFileReference; explicitFileType = wrapper.cfbundle; includeInIndex = 0; path = AUITests.xctest; sourceTree = BUILT_PRODUCTS_DIR; };
		5F3FCBFD296C193900AA2E56 /* AUITests.swift */ = {isa = PBXFileReference; lastKnownFileType = sourcecode.swift; path = AUITests.swift; sourceTree = "<group>"; };
		5F3FCBFF296C193900AA2E56 /* AUITestsLaunchTests.swift */ = {isa = PBXFileReference; lastKnownFileType = sourcecode.swift; path = AUITestsLaunchTests.swift; sourceTree = "<group>"; };
		5F57DFA5296D4CAD00AE6228 /* SignalStrength.swift */ = {isa = PBXFileReference; lastKnownFileType = sourcecode.swift; path = SignalStrength.swift; sourceTree = "<group>"; };
		5F57DFA7296D59E200AE6228 /* TabBarView.swift */ = {isa = PBXFileReference; lastKnownFileType = sourcecode.swift; path = TabBarView.swift; sourceTree = "<group>"; };
		5F57DFA9296D76A200AE6228 /* AligningTwoColumns.swift */ = {isa = PBXFileReference; lastKnownFileType = sourcecode.swift; path = AligningTwoColumns.swift; sourceTree = "<group>"; };
/* End PBXFileReference section */

/* Begin PBXFrameworksBuildPhase section */
		5F3FCBDC296C192C00AA2E56 /* Frameworks */ = {
			isa = PBXFrameworksBuildPhase;
			buildActionMask = 2147483647;
			files = (
			);
			runOnlyForDeploymentPostprocessing = 0;
		};
		5F3FCBEC296C193900AA2E56 /* Frameworks */ = {
			isa = PBXFrameworksBuildPhase;
			buildActionMask = 2147483647;
			files = (
			);
			runOnlyForDeploymentPostprocessing = 0;
		};
		5F3FCBF6296C193900AA2E56 /* Frameworks */ = {
			isa = PBXFrameworksBuildPhase;
			buildActionMask = 2147483647;
			files = (
			);
			runOnlyForDeploymentPostprocessing = 0;
		};
/* End PBXFrameworksBuildPhase section */

/* Begin PBXGroup section */
		5F3FCBD6296C192C00AA2E56 = {
			isa = PBXGroup;
			children = (
				5F3FCBE1296C192C00AA2E56 /* A */,
				5F3FCBF2296C193900AA2E56 /* ATests */,
				5F3FCBFC296C193900AA2E56 /* AUITests */,
				5F3FCBE0296C192C00AA2E56 /* Products */,
			);
			sourceTree = "<group>";
		};
		5F3FCBE0296C192C00AA2E56 /* Products */ = {
			isa = PBXGroup;
			children = (
				5F3FCBDF296C192C00AA2E56 /* A.app */,
				5F3FCBEF296C193900AA2E56 /* ATests.xctest */,
				5F3FCBF9296C193900AA2E56 /* AUITests.xctest */,
			);
			name = Products;
			sourceTree = "<group>";
		};
		5F3FCBE1296C192C00AA2E56 /* A */ = {
			isa = PBXGroup;
			children = (
				5F3FCBE2296C192C00AA2E56 /* AApp.swift */,
				5F3FCBE4296C192C00AA2E56 /* Badge.swift */,
				5F57DFA5296D4CAD00AE6228 /* SignalStrength.swift */,
				5F57DFA7296D59E200AE6228 /* TabBarView.swift */,
				5F57DFA9296D76A200AE6228 /* AligningTwoColumns.swift */,
				5F3FCBE6296C193800AA2E56 /* Assets.xcassets */,
				5F3FCBE8296C193800AA2E56 /* Preview Content */,
			);
			path = A;
			sourceTree = "<group>";
		};
		5F3FCBE8296C193800AA2E56 /* Preview Content */ = {
			isa = PBXGroup;
			children = (
				5F3FCBE9296C193800AA2E56 /* Preview Assets.xcassets */,
			);
			path = "Preview Content";
			sourceTree = "<group>";
		};
		5F3FCBF2296C193900AA2E56 /* ATests */ = {
			isa = PBXGroup;
			children = (
				5F3FCBF3296C193900AA2E56 /* ATests.swift */,
			);
			path = ATests;
			sourceTree = "<group>";
		};
		5F3FCBFC296C193900AA2E56 /* AUITests */ = {
			isa = PBXGroup;
			children = (
				5F3FCBFD296C193900AA2E56 /* AUITests.swift */,
				5F3FCBFF296C193900AA2E56 /* AUITestsLaunchTests.swift */,
			);
			path = AUITests;
			sourceTree = "<group>";
		};
/* End PBXGroup section */

/* Begin PBXNativeTarget section */
		5F3FCBDE296C192C00AA2E56 /* A */ = {
			isa = PBXNativeTarget;
			buildConfigurationList = 5F3FCC03296C193900AA2E56 /* Build configuration list for PBXNativeTarget "A" */;
			buildPhases = (
				5F3FCBDB296C192C00AA2E56 /* Sources */,
				5F3FCBDC296C192C00AA2E56 /* Frameworks */,
				5F3FCBDD296C192C00AA2E56 /* Resources */,
			);
			buildRules = (
			);
			dependencies = (
			);
			name = A;
			productName = A;
			productReference = 5F3FCBDF296C192C00AA2E56 /* A.app */;
			productType = "com.apple.product-type.application";
		};
		5F3FCBEE296C193900AA2E56 /* ATests */ = {
			isa = PBXNativeTarget;
			buildConfigurationList = 5F3FCC06296C193900AA2E56 /* Build configuration list for PBXNativeTarget "ATests" */;
			buildPhases = (
				5F3FCBEB296C193900AA2E56 /* Sources */,
				5F3FCBEC296C193900AA2E56 /* Frameworks */,
				5F3FCBED296C193900AA2E56 /* Resources */,
			);
			buildRules = (
			);
			dependencies = (
				5F3FCBF1296C193900AA2E56 /* PBXTargetDependency */,
			);
			name = ATests;
			productName = ATests;
			productReference = 5F3FCBEF296C193900AA2E56 /* ATests.xctest */;
			productType = "com.apple.product-type.bundle.unit-test";
		};
		5F3FCBF8296C193900AA2E56 /* AUITests */ = {
			isa = PBXNativeTarget;
			buildConfigurationList = 5F3FCC09296C193900AA2E56 /* Build configuration list for PBXNativeTarget "AUITests" */;
			buildPhases = (
				5F3FCBF5296C193900AA2E56 /* Sources */,
				5F3FCBF6296C193900AA2E56 /* Frameworks */,
				5F3FCBF7296C193900AA2E56 /* Resources */,
			);
			buildRules = (
			);
			dependencies = (
				5F3FCBFB296C193900AA2E56 /* PBXTargetDependency */,
			);
			name = AUITests;
			productName = AUITests;
			productReference = 5F3FCBF9296C193900AA2E56 /* AUITests.xctest */;
			productType = "com.apple.product-type.bundle.ui-testing";
		};
/* End PBXNativeTarget section */

/* Begin PBXProject section */
		5F3FCBD7296C192C00AA2E56 /* Project object */ = {
			isa = PBXProject;
			attributes = {
				BuildIndependentTargetsInParallel = 1;
				LastSwiftUpdateCheck = 1410;
				LastUpgradeCheck = 1410;
				TargetAttributes = {
					5F3FCBDE296C192C00AA2E56 = {
						CreatedOnToolsVersion = 14.1;
					};
					5F3FCBEE296C193900AA2E56 = {
						CreatedOnToolsVersion = 14.1;
						TestTargetID = 5F3FCBDE296C192C00AA2E56;
					};
					5F3FCBF8296C193900AA2E56 = {
						CreatedOnToolsVersion = 14.1;
						TestTargetID = 5F3FCBDE296C192C00AA2E56;
					};
				};
			};
			buildConfigurationList = 5F3FCBDA296C192C00AA2E56 /* Build configuration list for PBXProject "A" */;
			compatibilityVersion = "Xcode 14.0";
			developmentRegion = en;
			hasScannedForEncodings = 0;
			knownRegions = (
				en,
				Base,
			);
			mainGroup = 5F3FCBD6296C192C00AA2E56;
			productRefGroup = 5F3FCBE0296C192C00AA2E56 /* Products */;
			projectDirPath = "";
			projectRoot = "";
			targets = (
				5F3FCBDE296C192C00AA2E56 /* A */,
				5F3FCBEE296C193900AA2E56 /* ATests */,
				5F3FCBF8296C193900AA2E56 /* AUITests */,
			);
		};
/* End PBXProject section */

/* Begin PBXResourcesBuildPhase section */
		5F3FCBDD296C192C00AA2E56 /* Resources */ = {
			isa = PBXResourcesBuildPhase;
			buildActionMask = 2147483647;
			files = (
				5F3FCBEA296C193800AA2E56 /* Preview Assets.xcassets in Resources */,
				5F3FCBE7296C193800AA2E56 /* Assets.xcassets in Resources */,
			);
			runOnlyForDeploymentPostprocessing = 0;
		};
		5F3FCBED296C193900AA2E56 /* Resources */ = {
			isa = PBXResourcesBuildPhase;
			buildActionMask = 2147483647;
			files = (
			);
			runOnlyForDeploymentPostprocessing = 0;
		};
		5F3FCBF7296C193900AA2E56 /* Resources */ = {
			isa = PBXResourcesBuildPhase;
			buildActionMask = 2147483647;
			files = (
			);
			runOnlyForDeploymentPostprocessing = 0;
		};
/* End PBXResourcesBuildPhase section */

/* Begin PBXSourcesBuildPhase section */
		5F3FCBDB296C192C00AA2E56 /* Sources */ = {
			isa = PBXSourcesBuildPhase;
			buildActionMask = 2147483647;
			files = (
				5F57DFAA296D76A200AE6228 /* AligningTwoColumns.swift in Sources */,
				5F57DFA6296D4CAD00AE6228 /* SignalStrength.swift in Sources */,
				5F3FCBE5296C192C00AA2E56 /* Badge.swift in Sources */,
				5F3FCBE3296C192C00AA2E56 /* AApp.swift in Sources */,
				5F57DFA8296D59E200AE6228 /* TabBarView.swift in Sources */,
			);
			runOnlyForDeploymentPostprocessing = 0;
		};
		5F3FCBEB296C193900AA2E56 /* Sources */ = {
			isa = PBXSourcesBuildPhase;
			buildActionMask = 2147483647;
			files = (
				5F3FCBF4296C193900AA2E56 /* ATests.swift in Sources */,
			);
			runOnlyForDeploymentPostprocessing = 0;
		};
		5F3FCBF5296C193900AA2E56 /* Sources */ = {
			isa = PBXSourcesBuildPhase;
			buildActionMask = 2147483647;
			files = (
				5F3FCC00296C193900AA2E56 /* AUITestsLaunchTests.swift in Sources */,
				5F3FCBFE296C193900AA2E56 /* AUITests.swift in Sources */,
			);
			runOnlyForDeploymentPostprocessing = 0;
		};
/* End PBXSourcesBuildPhase section */

/* Begin PBXTargetDependency section */
		5F3FCBF1296C193900AA2E56 /* PBXTargetDependency */ = {
			isa = PBXTargetDependency;
			target = 5F3FCBDE296C192C00AA2E56 /* A */;
			targetProxy = 5F3FCBF0296C193900AA2E56 /* PBXContainerItemProxy */;
		};
		5F3FCBFB296C193900AA2E56 /* PBXTargetDependency */ = {
			isa = PBXTargetDependency;
			target = 5F3FCBDE296C192C00AA2E56 /* A */;
			targetProxy = 5F3FCBFA296C193900AA2E56 /* PBXContainerItemProxy */;
		};
/* End PBXTargetDependency section */

/* Begin XCBuildConfiguration section */
		5F3FCC01296C193900AA2E56 /* Debug */ = {
			isa = XCBuildConfiguration;
			buildSettings = {
				ALWAYS_SEARCH_USER_PATHS = NO;
				CLANG_ANALYZER_NONNULL = YES;
				CLANG_ANALYZER_NUMBER_OBJECT_CONVERSION = YES_AGGRESSIVE;
				CLANG_CXX_LANGUAGE_STANDARD = "gnu++20";
				CLANG_ENABLE_MODULES = YES;
				CLANG_ENABLE_OBJC_ARC = YES;
				CLANG_ENABLE_OBJC_WEAK = YES;
				CLANG_WARN_BLOCK_CAPTURE_AUTORELEASING = YES;
				CLANG_WARN_BOOL_CONVERSION = YES;
				CLANG_WARN_COMMA = YES;
				CLANG_WARN_CONSTANT_CONVERSION = YES;
				CLANG_WARN_DEPRECATED_OBJC_IMPLEMENTATIONS = YES;
				CLANG_WARN_DIRECT_OBJC_ISA_USAGE = YES_ERROR;
				CLANG_WARN_DOCUMENTATION_COMMENTS = YES;
				CLANG_WARN_EMPTY_BODY = YES;
				CLANG_WARN_ENUM_CONVERSION = YES;
				CLANG_WARN_INFINITE_RECURSION = YES;
				CLANG_WARN_INT_CONVERSION = YES;
				CLANG_WARN_NON_LITERAL_NULL_CONVERSION = YES;
				CLANG_WARN_OBJC_IMPLICIT_RETAIN_SELF = YES;
				CLANG_WARN_OBJC_LITERAL_CONVERSION = YES;
				CLANG_WARN_OBJC_ROOT_CLASS = YES_ERROR;
				CLANG_WARN_QUOTED_INCLUDE_IN_FRAMEWORK_HEADER = YES;
				CLANG_WARN_RANGE_LOOP_ANALYSIS = YES;
				CLANG_WARN_STRICT_PROTOTYPES = YES;
				CLANG_WARN_SUSPICIOUS_MOVE = YES;
				CLANG_WARN_UNGUARDED_AVAILABILITY = YES_AGGRESSIVE;
				CLANG_WARN_UNREACHABLE_CODE = YES;
				CLANG_WARN__DUPLICATE_METHOD_MATCH = YES;
				COPY_PHASE_STRIP = NO;
				DEBUG_INFORMATION_FORMAT = dwarf;
				ENABLE_STRICT_OBJC_MSGSEND = YES;
				ENABLE_TESTABILITY = YES;
				GCC_C_LANGUAGE_STANDARD = gnu11;
				GCC_DYNAMIC_NO_PIC = NO;
				GCC_NO_COMMON_BLOCKS = YES;
				GCC_OPTIMIZATION_LEVEL = 0;
				GCC_PREPROCESSOR_DEFINITIONS = (
					"DEBUG=1",
					"$(inherited)",
				);
				GCC_WARN_64_TO_32_BIT_CONVERSION = YES;
				GCC_WARN_ABOUT_RETURN_TYPE = YES_ERROR;
				GCC_WARN_UNDECLARED_SELECTOR = YES;
				GCC_WARN_UNINITIALIZED_AUTOS = YES_AGGRESSIVE;
				GCC_WARN_UNUSED_FUNCTION = YES;
				GCC_WARN_UNUSED_VARIABLE = YES;
				IPHONEOS_DEPLOYMENT_TARGET = 16.1;
				MTL_ENABLE_DEBUG_INFO = INCLUDE_SOURCE;
				MTL_FAST_MATH = YES;
				ONLY_ACTIVE_ARCH = YES;
				SDKROOT = iphoneos;
				SWIFT_ACTIVE_COMPILATION_CONDITIONS = DEBUG;
				SWIFT_OPTIMIZATION_LEVEL = "-Onone";
			};
			name = Debug;
		};
		5F3FCC02296C193900AA2E56 /* Release */ = {
			isa = XCBuildConfiguration;
			buildSettings = {
				ALWAYS_SEARCH_USER_PATHS = NO;
				CLANG_ANALYZER_NONNULL = YES;
				CLANG_ANALYZER_NUMBER_OBJECT_CONVERSION = YES_AGGRESSIVE;
				CLANG_CXX_LANGUAGE_STANDARD = "gnu++20";
				CLANG_ENABLE_MODULES = YES;
				CLANG_ENABLE_OBJC_ARC = YES;
				CLANG_ENABLE_OBJC_WEAK = YES;
				CLANG_WARN_BLOCK_CAPTURE_AUTORELEASING = YES;
				CLANG_WARN_BOOL_CONVERSION = YES;
				CLANG_WARN_COMMA = YES;
				CLANG_WARN_CONSTANT_CONVERSION = YES;
				CLANG_WARN_DEPRECATED_OBJC_IMPLEMENTATIONS = YES;
				CLANG_WARN_DIRECT_OBJC_ISA_USAGE = YES_ERROR;
				CLANG_WARN_DOCUMENTATION_COMMENTS = YES;
				CLANG_WARN_EMPTY_BODY = YES;
				CLANG_WARN_ENUM_CONVERSION = YES;
				CLANG_WARN_INFINITE_RECURSION = YES;
				CLANG_WARN_INT_CONVERSION = YES;
				CLANG_WARN_NON_LITERAL_NULL_CONVERSION = YES;
				CLANG_WARN_OBJC_IMPLICIT_RETAIN_SELF = YES;
				CLANG_WARN_OBJC_LITERAL_CONVERSION = YES;
				CLANG_WARN_OBJC_ROOT_CLASS = YES_ERROR;
				CLANG_WARN_QUOTED_INCLUDE_IN_FRAMEWORK_HEADER = YES;
				CLANG_WARN_RANGE_LOOP_ANALYSIS = YES;
				CLANG_WARN_STRICT_PROTOTYPES = YES;
				CLANG_WARN_SUSPICIOUS_MOVE = YES;
				CLANG_WARN_UNGUARDED_AVAILABILITY = YES_AGGRESSIVE;
				CLANG_WARN_UNREACHABLE_CODE = YES;
				CLANG_WARN__DUPLICATE_METHOD_MATCH = YES;
				COPY_PHASE_STRIP = NO;
				DEBUG_INFORMATION_FORMAT = "dwarf-with-dsym";
				ENABLE_NS_ASSERTIONS = NO;
				ENABLE_STRICT_OBJC_MSGSEND = YES;
				GCC_C_LANGUAGE_STANDARD = gnu11;
				GCC_NO_COMMON_BLOCKS = YES;
				GCC_WARN_64_TO_32_BIT_CONVERSION = YES;
				GCC_WARN_ABOUT_RETURN_TYPE = YES_ERROR;
				GCC_WARN_UNDECLARED_SELECTOR = YES;
				GCC_WARN_UNINITIALIZED_AUTOS = YES_AGGRESSIVE;
				GCC_WARN_UNUSED_FUNCTION = YES;
				GCC_WARN_UNUSED_VARIABLE = YES;
				IPHONEOS_DEPLOYMENT_TARGET = 16.1;
				MTL_ENABLE_DEBUG_INFO = NO;
				MTL_FAST_MATH = YES;
				SDKROOT = iphoneos;
				SWIFT_COMPILATION_MODE = wholemodule;
				SWIFT_OPTIMIZATION_LEVEL = "-O";
				VALIDATE_PRODUCT = YES;
			};
			name = Release;
		};
		5F3FCC04296C193900AA2E56 /* Debug */ = {
			isa = XCBuildConfiguration;
			buildSettings = {
				ASSETCATALOG_COMPILER_APPICON_NAME = AppIcon;
				ASSETCATALOG_COMPILER_GLOBAL_ACCENT_COLOR_NAME = AccentColor;
				CODE_SIGN_STYLE = Automatic;
				CURRENT_PROJECT_VERSION = 1;
				DEVELOPMENT_ASSET_PATHS = "\"A/Preview Content\"";
				ENABLE_PREVIEWS = YES;
				GENERATE_INFOPLIST_FILE = YES;
				INFOPLIST_KEY_UIApplicationSceneManifest_Generation = YES;
				INFOPLIST_KEY_UIApplicationSupportsIndirectInputEvents = YES;
				INFOPLIST_KEY_UILaunchScreen_Generation = YES;
				INFOPLIST_KEY_UISupportedInterfaceOrientations_iPad = "UIInterfaceOrientationPortrait UIInterfaceOrientationPortraitUpsideDown UIInterfaceOrientationLandscapeLeft UIInterfaceOrientationLandscapeRight";
				INFOPLIST_KEY_UISupportedInterfaceOrientations_iPhone = "UIInterfaceOrientationPortrait UIInterfaceOrientationLandscapeLeft UIInterfaceOrientationLandscapeRight";
				LD_RUNPATH_SEARCH_PATHS = (
					"$(inherited)",
					"@executable_path/Frameworks",
				);
				MARKETING_VERSION = 1.0;
				PRODUCT_BUNDLE_IDENTIFIER = com.i2cinc.Speech.A;
				PRODUCT_NAME = "$(TARGET_NAME)";
				SWIFT_EMIT_LOC_STRINGS = YES;
				SWIFT_VERSION = 5.0;
				TARGETED_DEVICE_FAMILY = "1,2";
			};
			name = Debug;
		};
		5F3FCC05296C193900AA2E56 /* Release */ = {
			isa = XCBuildConfiguration;
			buildSettings = {
				ASSETCATALOG_COMPILER_APPICON_NAME = AppIcon;
				ASSETCATALOG_COMPILER_GLOBAL_ACCENT_COLOR_NAME = AccentColor;
				CODE_SIGN_STYLE = Automatic;
				CURRENT_PROJECT_VERSION = 1;
				DEVELOPMENT_ASSET_PATHS = "\"A/Preview Content\"";
				ENABLE_PREVIEWS = YES;
				GENERATE_INFOPLIST_FILE = YES;
				INFOPLIST_KEY_UIApplicationSceneManifest_Generation = YES;
				INFOPLIST_KEY_UIApplicationSupportsIndirectInputEvents = YES;
				INFOPLIST_KEY_UILaunchScreen_Generation = YES;
				INFOPLIST_KEY_UISupportedInterfaceOrientations_iPad = "UIInterfaceOrientationPortrait UIInterfaceOrientationPortraitUpsideDown UIInterfaceOrientationLandscapeLeft UIInterfaceOrientationLandscapeRight";
				INFOPLIST_KEY_UISupportedInterfaceOrientations_iPhone = "UIInterfaceOrientationPortrait UIInterfaceOrientationLandscapeLeft UIInterfaceOrientationLandscapeRight";
				LD_RUNPATH_SEARCH_PATHS = (
					"$(inherited)",
					"@executable_path/Frameworks",
				);
				MARKETING_VERSION = 1.0;
				PRODUCT_BUNDLE_IDENTIFIER = com.i2cinc.Speech.A;
				PRODUCT_NAME = "$(TARGET_NAME)";
				SWIFT_EMIT_LOC_STRINGS = YES;
				SWIFT_VERSION = 5.0;
				TARGETED_DEVICE_FAMILY = "1,2";
			};
			name = Release;
		};
		5F3FCC07296C193900AA2E56 /* Debug */ = {
			isa = XCBuildConfiguration;
			buildSettings = {
				ALWAYS_EMBED_SWIFT_STANDARD_LIBRARIES = YES;
				BUNDLE_LOADER = "$(TEST_HOST)";
				CODE_SIGN_STYLE = Automatic;
				CURRENT_PROJECT_VERSION = 1;
				GENERATE_INFOPLIST_FILE = YES;
				IPHONEOS_DEPLOYMENT_TARGET = 16.1;
				MARKETING_VERSION = 1.0;
				PRODUCT_BUNDLE_IDENTIFIER = com.i2cinc.Speech.ATests;
				PRODUCT_NAME = "$(TARGET_NAME)";
				SWIFT_EMIT_LOC_STRINGS = NO;
				SWIFT_VERSION = 5.0;
				TARGETED_DEVICE_FAMILY = "1,2";
				TEST_HOST = "$(BUILT_PRODUCTS_DIR)/A.app/$(BUNDLE_EXECUTABLE_FOLDER_PATH)/A";
			};
			name = Debug;
		};
		5F3FCC08296C193900AA2E56 /* Release */ = {
			isa = XCBuildConfiguration;
			buildSettings = {
				ALWAYS_EMBED_SWIFT_STANDARD_LIBRARIES = YES;
				BUNDLE_LOADER = "$(TEST_HOST)";
				CODE_SIGN_STYLE = Automatic;
				CURRENT_PROJECT_VERSION = 1;
				GENERATE_INFOPLIST_FILE = YES;
				IPHONEOS_DEPLOYMENT_TARGET = 16.1;
				MARKETING_VERSION = 1.0;
				PRODUCT_BUNDLE_IDENTIFIER = com.i2cinc.Speech.ATests;
				PRODUCT_NAME = "$(TARGET_NAME)";
				SWIFT_EMIT_LOC_STRINGS = NO;
				SWIFT_VERSION = 5.0;
				TARGETED_DEVICE_FAMILY = "1,2";
				TEST_HOST = "$(BUILT_PRODUCTS_DIR)/A.app/$(BUNDLE_EXECUTABLE_FOLDER_PATH)/A";
			};
			name = Release;
		};
		5F3FCC0A296C193900AA2E56 /* Debug */ = {
			isa = XCBuildConfiguration;
			buildSettings = {
				ALWAYS_EMBED_SWIFT_STANDARD_LIBRARIES = YES;
				CODE_SIGN_STYLE = Automatic;
				CURRENT_PROJECT_VERSION = 1;
				GENERATE_INFOPLIST_FILE = YES;
				MARKETING_VERSION = 1.0;
				PRODUCT_BUNDLE_IDENTIFIER = com.i2cinc.Speech.AUITests;
				PRODUCT_NAME = "$(TARGET_NAME)";
				SWIFT_EMIT_LOC_STRINGS = NO;
				SWIFT_VERSION = 5.0;
				TARGETED_DEVICE_FAMILY = "1,2";
				TEST_TARGET_NAME = A;
			};
			name = Debug;
		};
		5F3FCC0B296C193900AA2E56 /* Release */ = {
			isa = XCBuildConfiguration;
			buildSettings = {
				ALWAYS_EMBED_SWIFT_STANDARD_LIBRARIES = YES;
				CODE_SIGN_STYLE = Automatic;
				CURRENT_PROJECT_VERSION = 1;
				GENERATE_INFOPLIST_FILE = YES;
				MARKETING_VERSION = 1.0;
				PRODUCT_BUNDLE_IDENTIFIER = com.i2cinc.Speech.AUITests;
				PRODUCT_NAME = "$(TARGET_NAME)";
				SWIFT_EMIT_LOC_STRINGS = NO;
				SWIFT_VERSION = 5.0;
				TARGETED_DEVICE_FAMILY = "1,2";
				TEST_TARGET_NAME = A;
			};
			name = Release;
		};
/* End XCBuildConfiguration section */

/* Begin XCConfigurationList section */
		5F3FCBDA296C192C00AA2E56 /* Build configuration list for PBXProject "A" */ = {
			isa = XCConfigurationList;
			buildConfigurations = (
				5F3FCC01296C193900AA2E56 /* Debug */,
				5F3FCC02296C193900AA2E56 /* Release */,
			);
			defaultConfigurationIsVisible = 0;
			defaultConfigurationName = Release;
		};
		5F3FCC03296C193900AA2E56 /* Build configuration list for PBXNativeTarget "A" */ = {
			isa = XCConfigurationList;
			buildConfigurations = (
				5F3FCC04296C193900AA2E56 /* Debug */,
				5F3FCC05296C193900AA2E56 /* Release */,
			);
			defaultConfigurationIsVisible = 0;
			defaultConfigurationName = Release;
		};
		5F3FCC06296C193900AA2E56 /* Build configuration list for PBXNativeTarget "ATests" */ = {
			isa = XCConfigurationList;
			buildConfigurations = (
				5F3FCC07296C193900AA2E56 /* Debug */,
				5F3FCC08296C193900AA2E56 /* Release */,
			);
			defaultConfigurationIsVisible = 0;
			defaultConfigurationName = Release;
		};
		5F3FCC09296C193900AA2E56 /* Build configuration list for PBXNativeTarget "AUITests" */ = {
			isa = XCConfigurationList;
			buildConfigurations = (
				5F3FCC0A296C193900AA2E56 /* Debug */,
				5F3FCC0B296C193900AA2E56 /* Release */,
			);
			defaultConfigurationIsVisible = 0;
			defaultConfigurationName = Release;
		};
/* End XCConfigurationList section */
	};
	rootObject = 5F3FCBD7296C192C00AA2E56 /* Project object */;
}
